{
	"name": "lsp-sample-server",
	"version": "1.0.0",
	"lockfileVersion": 3,
	"requires": true,
	"packages": {
		"": {
			"name": "lsp-sample-server",
			"version": "1.0.0",
			"license": "MIT",
			"dependencies": {
				"vscode-languageserver": "^9.0.1",
				"vscode-languageserver-textdocument": "^1.0.11",
				"web-tree-sitter": "^0.23.2"
			},
			"engines": {
				"node": "*"
			}
		},
		"node_modules/vscode-jsonrpc": {
			"version": "8.2.0",
			"license": "MIT",
			"engines": {
				"node": ">=14.0.0"
			}
		},
		"node_modules/vscode-languageserver": {
			"version": "9.0.1",
			"license": "MIT",
			"dependencies": {
				"vscode-languageserver-protocol": "3.17.5"
			},
			"bin": {
				"installServerIntoExtension": "bin/installServerIntoExtension"
			}
		},
		"node_modules/vscode-languageserver-protocol": {
			"version": "3.17.5",
			"license": "MIT",
			"dependencies": {
				"vscode-jsonrpc": "8.2.0",
				"vscode-languageserver-types": "3.17.5"
			}
		},
		"node_modules/vscode-languageserver-textdocument": {
			"version": "1.0.11",
			"license": "MIT"
		},
		"node_modules/vscode-languageserver-types": {
			"version": "3.17.5",
			"license": "MIT"
		},
		"node_modules/web-tree-sitter": {
			"version": "0.23.2",
			"resolved": "https://registry.npmjs.org/web-tree-sitter/-/web-tree-sitter-0.23.2.tgz",
			"integrity": "sha512-BMZtm7sKtnmTGO7L4pcFOBidVlBxL+aUxm0O5yr3nKf5Fqz8RyvTOSjWFtqmzScyak/YFq9f5PSMRdhg2WXAJQ=="
		}
	}
}
